
Microsoft Visual Studio Solution File, Format Version 12.00
# Visual Studio Version 16
VisualStudioVersion = 16.0.30503.244
MinimumVisualStudioVersion = 10.0.40219.1
Project("{FAE04EC0-301F-11D3-BF4B-00C04F79EFBC}") = "HelloWorld", "HelloWorld\HelloWorld.csproj", "{CDEB5F39-E4E2-40ED-8D73-50AF95F65BFB}"
EndProject
Project("{FAE04EC0-301F-11D3-BF4B-00C04F79EFBC}") = "MainApp", "MainApp\MainApp.csproj", "{AC2351E6-0EF8-437B-82CC-F39D03B28018}"
EndProject
Project("{FAE04EC0-301F-11D3-BF4B-00C04F79EFBC}") = "StaticField", "StaticField\StaticField.csproj", "{36EE6083-F8EA-436A-908C-B710A365005C}"
EndProject
Project("{FAE04EC0-301F-11D3-BF4B-00C04F79EFBC}") = "DeepCopy", "DeepCopy\DeepCopy.csproj", "{6D0C6EAC-2723-436B-925B-EF11CEA51954}"
EndProject
Project("{FAE04EC0-301F-11D3-BF4B-00C04F79EFBC}") = "This", "This\This.csproj", "{62569419-C2B6-4AF3-8193-8ACF4C430FDB}"
EndProject
Project("{FAE04EC0-301F-11D3-BF4B-00C04F79EFBC}") = "ThisConstructor", "ThisConstructor\ThisConstructor.csproj", "{C5C0F9C4-72F5-4D53-8DAC-A423FC1B0A90}"
EndProject
Project("{FAE04EC0-301F-11D3-BF4B-00C04F79EFBC}") = "AccessModifier", "AccessModifier\AccessModifier.csproj", "{D3E8FC7B-A9DB-4EFF-A538-4236F137518A}"
EndProject
Project("{FAE04EC0-301F-11D3-BF4B-00C04F79EFBC}") = "Inheritance", "Inheritance\Inheritance.csproj", "{0C0C1C44-621C-4D9F-9CA2-E6E75C48E404}"
EndProject
Project("{FAE04EC0-301F-11D3-BF4B-00C04F79EFBC}") = "TypeCasting", "TypeCasting\TypeCasting.csproj", "{22301D54-C4C3-40D3-8A01-92ECA098D03B}"
EndProject
Project("{FAE04EC0-301F-11D3-BF4B-00C04F79EFBC}") = "Overriding", "Overriding\Overriding.csproj", "{91B814FA-E6B0-4AD8-91E1-EACE44C6017D}"
EndProject
Project("{FAE04EC0-301F-11D3-BF4B-00C04F79EFBC}") = "MethodHiding", "MethodHiding\MethodHiding.csproj", "{3E18A09E-44B2-4154-92B1-22222498936C}"
EndProject
Project("{FAE04EC0-301F-11D3-BF4B-00C04F79EFBC}") = "NestedClass", "NestedClass\NestedClass.csproj", "{1227B067-FBB4-444D-9ECD-18F1359BBC1A}"
EndProject
Project("{FAE04EC0-301F-11D3-BF4B-00C04F79EFBC}") = "ExtensionMethod", "ExtensionMethod\ExtensionMethod.csproj", "{4CD56FBC-0BBB-4930-8896-5061FD31275A}"
EndProject
Project("{FAE04EC0-301F-11D3-BF4B-00C04F79EFBC}") = "Structure", "Structure\Structure.csproj", "{55E69390-6F3C-499A-91A2-BF3782A3C48A}"
EndProject
Project("{FAE04EC0-301F-11D3-BF4B-00C04F79EFBC}") = "test1", "test1\test1.csproj", "{58EE6217-B6AA-482D-A073-68161A5610B8}"
EndProject
Project("{FAE04EC0-301F-11D3-BF4B-00C04F79EFBC}") = "Interface", "Interface\Interface.csproj", "{7724B849-6E89-4FA0-A3AF-CBD17F3D88BC}"
EndProject
Project("{FAE04EC0-301F-11D3-BF4B-00C04F79EFBC}") = "DerivedInterface", "DerivedInterface\DerivedInterface.csproj", "{0146C13C-C628-4419-98ED-750941A04252}"
EndProject
Project("{FAE04EC0-301F-11D3-BF4B-00C04F79EFBC}") = "MultiInterfaceInheritance", "MultiInterfaceInheritance\MultiInterfaceInheritance.csproj", "{78CB7278-9B0E-4ABC-93EB-BD789CE56ECB}"
EndProject
Project("{FAE04EC0-301F-11D3-BF4B-00C04F79EFBC}") = "AbstractClass", "AbstractClass\AbstractClass.csproj", "{3AAB2F8C-791E-4BE8-91BE-DB4A8D2C0FE8}"
EndProject
Project("{FAE04EC0-301F-11D3-BF4B-00C04F79EFBC}") = "Property", "Property\Property.csproj", "{E43E2058-9187-4C50-88C7-946E488B2EDF}"
EndProject
Project("{FAE04EC0-301F-11D3-BF4B-00C04F79EFBC}") = "AutoImplementedProperty", "AutoImplementedProperty\AutoImplementedProperty.csproj", "{DDE80860-EC13-4256-91DC-A09E029836DF}"
EndProject
Project("{FAE04EC0-301F-11D3-BF4B-00C04F79EFBC}") = "ConstructorWithProperty", "ConstructorWithProperty\ConstructorWithProperty.csproj", "{403D2DCB-CD8C-428C-8D15-B8436AFA307F}"
EndProject
Project("{FAE04EC0-301F-11D3-BF4B-00C04F79EFBC}") = "PropertiesInterface", "PropertiesInterface\PropertiesInterface.csproj", "{A2E8C322-0580-4A12-A178-12FED0AF2287}"
EndProject
Project("{FAE04EC0-301F-11D3-BF4B-00C04F79EFBC}") = "PropertiesInAbstractClass", "PropertiesInAbstractClass\PropertiesInAbstractClass.csproj", "{1A54CE85-6361-40D7-876D-0FC47D587B05}"
EndProject
Project("{FAE04EC0-301F-11D3-BF4B-00C04F79EFBC}") = "Ex9_1", "Ex9_1\Ex9_1.csproj", "{2EB775EE-DEFC-4FFC-9A58-4E5470CBE851}"
EndProject
Project("{FAE04EC0-301F-11D3-BF4B-00C04F79EFBC}") = "ArraySample", "ArraySample\ArraySample.csproj", "{33F9C395-E15D-4F25-902D-1A21586CED28}"
EndProject
Project("{FAE04EC0-301F-11D3-BF4B-00C04F79EFBC}") = "InitiallizingArray", "InitiallizingArray\InitiallizingArray.csproj", "{0E27B9DC-E232-4B75-800C-D9BF2238C84E}"
EndProject
Project("{FAE04EC0-301F-11D3-BF4B-00C04F79EFBC}") = "MoreOnArray", "MoreOnArray\MoreOnArray.csproj", "{452074E6-078C-49A3-9877-336DE331A1F4}"
EndProject
Project("{FAE04EC0-301F-11D3-BF4B-00C04F79EFBC}") = "JaggedArray", "JaggedArray\JaggedArray.csproj", "{FE3FEA06-3436-412B-99D5-9AD489322AB3}"
EndProject
Project("{FAE04EC0-301F-11D3-BF4B-00C04F79EFBC}") = "UsingList", "UsingList\UsingList.csproj", "{A7EE8372-4A7D-471B-BF2A-3CC2546C58C1}"
EndProject
Project("{FAE04EC0-301F-11D3-BF4B-00C04F79EFBC}") = "IntializingCollections", "IntializingCollections\IntializingCollections.csproj", "{B64CDD2E-E75E-42D3-AD09-B57E77D2FBBC}"
EndProject
Project("{FAE04EC0-301F-11D3-BF4B-00C04F79EFBC}") = "Indexer", "Indexer\Indexer.csproj", "{12311830-863E-4E29-BA7A-CFF5FDD9A7AA}"
EndProject
Project("{FAE04EC0-301F-11D3-BF4B-00C04F79EFBC}") = "Yield", "Yield\Yield.csproj", "{6657E00F-03D5-491D-A3FE-7F434E8CD7F9}"
EndProject
Project("{FAE04EC0-301F-11D3-BF4B-00C04F79EFBC}") = "10-2", "10-2\10-2.csproj", "{6D4A4B01-28C6-4614-8364-2B661215A971}"
EndProject
Project("{FAE04EC0-301F-11D3-BF4B-00C04F79EFBC}") = "CopyingArray", "CopyingArray\CopyingArray.csproj", "{F65E2476-90AA-4FF9-83AF-2CBEDBEA7139}"
EndProject
Project("{FAE04EC0-301F-11D3-BF4B-00C04F79EFBC}") = "Generic", "Generic\Generic.csproj", "{557FAEE5-F03C-432F-9397-7A5D72984CF6}"
EndProject
Project("{FAE04EC0-301F-11D3-BF4B-00C04F79EFBC}") = "EbumerableGeneric", "EbumerableGeneric\EbumerableGeneric.csproj", "{0FE5773C-1D26-4628-BACF-A88A8F81F595}"
EndProject
Global
	GlobalSection(SolutionConfigurationPlatforms) = preSolution
		Debug|Any CPU = Debug|Any CPU
		Release|Any CPU = Release|Any CPU
	EndGlobalSection
	GlobalSection(ProjectConfigurationPlatforms) = postSolution
		{CDEB5F39-E4E2-40ED-8D73-50AF95F65BFB}.Debug|Any CPU.ActiveCfg = Debug|Any CPU
		{CDEB5F39-E4E2-40ED-8D73-50AF95F65BFB}.Debug|Any CPU.Build.0 = Debug|Any CPU
		{CDEB5F39-E4E2-40ED-8D73-50AF95F65BFB}.Release|Any CPU.ActiveCfg = Release|Any CPU
		{CDEB5F39-E4E2-40ED-8D73-50AF95F65BFB}.Release|Any CPU.Build.0 = Release|Any CPU
		{AC2351E6-0EF8-437B-82CC-F39D03B28018}.Debug|Any CPU.ActiveCfg = Debug|Any CPU
		{AC2351E6-0EF8-437B-82CC-F39D03B28018}.Debug|Any CPU.Build.0 = Debug|Any CPU
		{AC2351E6-0EF8-437B-82CC-F39D03B28018}.Release|Any CPU.ActiveCfg = Release|Any CPU
		{AC2351E6-0EF8-437B-82CC-F39D03B28018}.Release|Any CPU.Build.0 = Release|Any CPU
		{36EE6083-F8EA-436A-908C-B710A365005C}.Debug|Any CPU.ActiveCfg = Debug|Any CPU
		{36EE6083-F8EA-436A-908C-B710A365005C}.Debug|Any CPU.Build.0 = Debug|Any CPU
		{36EE6083-F8EA-436A-908C-B710A365005C}.Release|Any CPU.ActiveCfg = Release|Any CPU
		{36EE6083-F8EA-436A-908C-B710A365005C}.Release|Any CPU.Build.0 = Release|Any CPU
		{6D0C6EAC-2723-436B-925B-EF11CEA51954}.Debug|Any CPU.ActiveCfg = Debug|Any CPU
		{6D0C6EAC-2723-436B-925B-EF11CEA51954}.Debug|Any CPU.Build.0 = Debug|Any CPU
		{6D0C6EAC-2723-436B-925B-EF11CEA51954}.Release|Any CPU.ActiveCfg = Release|Any CPU
		{6D0C6EAC-2723-436B-925B-EF11CEA51954}.Release|Any CPU.Build.0 = Release|Any CPU
		{62569419-C2B6-4AF3-8193-8ACF4C430FDB}.Debug|Any CPU.ActiveCfg = Debug|Any CPU
		{62569419-C2B6-4AF3-8193-8ACF4C430FDB}.Debug|Any CPU.Build.0 = Debug|Any CPU
		{62569419-C2B6-4AF3-8193-8ACF4C430FDB}.Release|Any CPU.ActiveCfg = Release|Any CPU
		{62569419-C2B6-4AF3-8193-8ACF4C430FDB}.Release|Any CPU.Build.0 = Release|Any CPU
		{C5C0F9C4-72F5-4D53-8DAC-A423FC1B0A90}.Debug|Any CPU.ActiveCfg = Debug|Any CPU
		{C5C0F9C4-72F5-4D53-8DAC-A423FC1B0A90}.Debug|Any CPU.Build.0 = Debug|Any CPU
		{C5C0F9C4-72F5-4D53-8DAC-A423FC1B0A90}.Release|Any CPU.ActiveCfg = Release|Any CPU
		{C5C0F9C4-72F5-4D53-8DAC-A423FC1B0A90}.Release|Any CPU.Build.0 = Release|Any CPU
		{D3E8FC7B-A9DB-4EFF-A538-4236F137518A}.Debug|Any CPU.ActiveCfg = Debug|Any CPU
		{D3E8FC7B-A9DB-4EFF-A538-4236F137518A}.Debug|Any CPU.Build.0 = Debug|Any CPU
		{D3E8FC7B-A9DB-4EFF-A538-4236F137518A}.Release|Any CPU.ActiveCfg = Release|Any CPU
		{D3E8FC7B-A9DB-4EFF-A538-4236F137518A}.Release|Any CPU.Build.0 = Release|Any CPU
		{0C0C1C44-621C-4D9F-9CA2-E6E75C48E404}.Debug|Any CPU.ActiveCfg = Debug|Any CPU
		{0C0C1C44-621C-4D9F-9CA2-E6E75C48E404}.Debug|Any CPU.Build.0 = Debug|Any CPU
		{0C0C1C44-621C-4D9F-9CA2-E6E75C48E404}.Release|Any CPU.ActiveCfg = Release|Any CPU
		{0C0C1C44-621C-4D9F-9CA2-E6E75C48E404}.Release|Any CPU.Build.0 = Release|Any CPU
		{22301D54-C4C3-40D3-8A01-92ECA098D03B}.Debug|Any CPU.ActiveCfg = Debug|Any CPU
		{22301D54-C4C3-40D3-8A01-92ECA098D03B}.Debug|Any CPU.Build.0 = Debug|Any CPU
		{22301D54-C4C3-40D3-8A01-92ECA098D03B}.Release|Any CPU.ActiveCfg = Release|Any CPU
		{22301D54-C4C3-40D3-8A01-92ECA098D03B}.Release|Any CPU.Build.0 = Release|Any CPU
		{91B814FA-E6B0-4AD8-91E1-EACE44C6017D}.Debug|Any CPU.ActiveCfg = Debug|Any CPU
		{91B814FA-E6B0-4AD8-91E1-EACE44C6017D}.Debug|Any CPU.Build.0 = Debug|Any CPU
		{91B814FA-E6B0-4AD8-91E1-EACE44C6017D}.Release|Any CPU.ActiveCfg = Release|Any CPU
		{91B814FA-E6B0-4AD8-91E1-EACE44C6017D}.Release|Any CPU.Build.0 = Release|Any CPU
		{3E18A09E-44B2-4154-92B1-22222498936C}.Debug|Any CPU.ActiveCfg = Debug|Any CPU
		{3E18A09E-44B2-4154-92B1-22222498936C}.Debug|Any CPU.Build.0 = Debug|Any CPU
		{3E18A09E-44B2-4154-92B1-22222498936C}.Release|Any CPU.ActiveCfg = Release|Any CPU
		{3E18A09E-44B2-4154-92B1-22222498936C}.Release|Any CPU.Build.0 = Release|Any CPU
		{1227B067-FBB4-444D-9ECD-18F1359BBC1A}.Debug|Any CPU.ActiveCfg = Debug|Any CPU
		{1227B067-FBB4-444D-9ECD-18F1359BBC1A}.Debug|Any CPU.Build.0 = Debug|Any CPU
		{1227B067-FBB4-444D-9ECD-18F1359BBC1A}.Release|Any CPU.ActiveCfg = Release|Any CPU
		{1227B067-FBB4-444D-9ECD-18F1359BBC1A}.Release|Any CPU.Build.0 = Release|Any CPU
		{4CD56FBC-0BBB-4930-8896-5061FD31275A}.Debug|Any CPU.ActiveCfg = Debug|Any CPU
		{4CD56FBC-0BBB-4930-8896-5061FD31275A}.Debug|Any CPU.Build.0 = Debug|Any CPU
		{4CD56FBC-0BBB-4930-8896-5061FD31275A}.Release|Any CPU.ActiveCfg = Release|Any CPU
		{4CD56FBC-0BBB-4930-8896-5061FD31275A}.Release|Any CPU.Build.0 = Release|Any CPU
		{55E69390-6F3C-499A-91A2-BF3782A3C48A}.Debug|Any CPU.ActiveCfg = Debug|Any CPU
		{55E69390-6F3C-499A-91A2-BF3782A3C48A}.Debug|Any CPU.Build.0 = Debug|Any CPU
		{55E69390-6F3C-499A-91A2-BF3782A3C48A}.Release|Any CPU.ActiveCfg = Release|Any CPU
		{55E69390-6F3C-499A-91A2-BF3782A3C48A}.Release|Any CPU.Build.0 = Release|Any CPU
		{58EE6217-B6AA-482D-A073-68161A5610B8}.Debug|Any CPU.ActiveCfg = Debug|Any CPU
		{58EE6217-B6AA-482D-A073-68161A5610B8}.Debug|Any CPU.Build.0 = Debug|Any CPU
		{58EE6217-B6AA-482D-A073-68161A5610B8}.Release|Any CPU.ActiveCfg = Release|Any CPU
		{58EE6217-B6AA-482D-A073-68161A5610B8}.Release|Any CPU.Build.0 = Release|Any CPU
		{7724B849-6E89-4FA0-A3AF-CBD17F3D88BC}.Debug|Any CPU.ActiveCfg = Debug|Any CPU
		{7724B849-6E89-4FA0-A3AF-CBD17F3D88BC}.Debug|Any CPU.Build.0 = Debug|Any CPU
		{7724B849-6E89-4FA0-A3AF-CBD17F3D88BC}.Release|Any CPU.ActiveCfg = Release|Any CPU
		{7724B849-6E89-4FA0-A3AF-CBD17F3D88BC}.Release|Any CPU.Build.0 = Release|Any CPU
		{0146C13C-C628-4419-98ED-750941A04252}.Debug|Any CPU.ActiveCfg = Debug|Any CPU
		{0146C13C-C628-4419-98ED-750941A04252}.Debug|Any CPU.Build.0 = Debug|Any CPU
		{0146C13C-C628-4419-98ED-750941A04252}.Release|Any CPU.ActiveCfg = Release|Any CPU
		{0146C13C-C628-4419-98ED-750941A04252}.Release|Any CPU.Build.0 = Release|Any CPU
		{78CB7278-9B0E-4ABC-93EB-BD789CE56ECB}.Debug|Any CPU.ActiveCfg = Debug|Any CPU
		{78CB7278-9B0E-4ABC-93EB-BD789CE56ECB}.Debug|Any CPU.Build.0 = Debug|Any CPU
		{78CB7278-9B0E-4ABC-93EB-BD789CE56ECB}.Release|Any CPU.ActiveCfg = Release|Any CPU
		{78CB7278-9B0E-4ABC-93EB-BD789CE56ECB}.Release|Any CPU.Build.0 = Release|Any CPU
		{3AAB2F8C-791E-4BE8-91BE-DB4A8D2C0FE8}.Debug|Any CPU.ActiveCfg = Debug|Any CPU
		{3AAB2F8C-791E-4BE8-91BE-DB4A8D2C0FE8}.Debug|Any CPU.Build.0 = Debug|Any CPU
		{3AAB2F8C-791E-4BE8-91BE-DB4A8D2C0FE8}.Release|Any CPU.ActiveCfg = Release|Any CPU
		{3AAB2F8C-791E-4BE8-91BE-DB4A8D2C0FE8}.Release|Any CPU.Build.0 = Release|Any CPU
		{E43E2058-9187-4C50-88C7-946E488B2EDF}.Debug|Any CPU.ActiveCfg = Debug|Any CPU
		{E43E2058-9187-4C50-88C7-946E488B2EDF}.Debug|Any CPU.Build.0 = Debug|Any CPU
		{E43E2058-9187-4C50-88C7-946E488B2EDF}.Release|Any CPU.ActiveCfg = Release|Any CPU
		{E43E2058-9187-4C50-88C7-946E488B2EDF}.Release|Any CPU.Build.0 = Release|Any CPU
		{DDE80860-EC13-4256-91DC-A09E029836DF}.Debug|Any CPU.ActiveCfg = Debug|Any CPU
		{DDE80860-EC13-4256-91DC-A09E029836DF}.Debug|Any CPU.Build.0 = Debug|Any CPU
		{DDE80860-EC13-4256-91DC-A09E029836DF}.Release|Any CPU.ActiveCfg = Release|Any CPU
		{DDE80860-EC13-4256-91DC-A09E029836DF}.Release|Any CPU.Build.0 = Release|Any CPU
		{403D2DCB-CD8C-428C-8D15-B8436AFA307F}.Debug|Any CPU.ActiveCfg = Debug|Any CPU
		{403D2DCB-CD8C-428C-8D15-B8436AFA307F}.Debug|Any CPU.Build.0 = Debug|Any CPU
		{403D2DCB-CD8C-428C-8D15-B8436AFA307F}.Release|Any CPU.ActiveCfg = Release|Any CPU
		{403D2DCB-CD8C-428C-8D15-B8436AFA307F}.Release|Any CPU.Build.0 = Release|Any CPU
		{A2E8C322-0580-4A12-A178-12FED0AF2287}.Debug|Any CPU.ActiveCfg = Debug|Any CPU
		{A2E8C322-0580-4A12-A178-12FED0AF2287}.Debug|Any CPU.Build.0 = Debug|Any CPU
		{A2E8C322-0580-4A12-A178-12FED0AF2287}.Release|Any CPU.ActiveCfg = Release|Any CPU
		{A2E8C322-0580-4A12-A178-12FED0AF2287}.Release|Any CPU.Build.0 = Release|Any CPU
		{1A54CE85-6361-40D7-876D-0FC47D587B05}.Debug|Any CPU.ActiveCfg = Debug|Any CPU
		{1A54CE85-6361-40D7-876D-0FC47D587B05}.Debug|Any CPU.Build.0 = Debug|Any CPU
		{1A54CE85-6361-40D7-876D-0FC47D587B05}.Release|Any CPU.ActiveCfg = Release|Any CPU
		{1A54CE85-6361-40D7-876D-0FC47D587B05}.Release|Any CPU.Build.0 = Release|Any CPU
		{2EB775EE-DEFC-4FFC-9A58-4E5470CBE851}.Debug|Any CPU.ActiveCfg = Debug|Any CPU
		{2EB775EE-DEFC-4FFC-9A58-4E5470CBE851}.Debug|Any CPU.Build.0 = Debug|Any CPU
		{2EB775EE-DEFC-4FFC-9A58-4E5470CBE851}.Release|Any CPU.ActiveCfg = Release|Any CPU
		{2EB775EE-DEFC-4FFC-9A58-4E5470CBE851}.Release|Any CPU.Build.0 = Release|Any CPU
		{33F9C395-E15D-4F25-902D-1A21586CED28}.Debug|Any CPU.ActiveCfg = Debug|Any CPU
		{33F9C395-E15D-4F25-902D-1A21586CED28}.Debug|Any CPU.Build.0 = Debug|Any CPU
		{33F9C395-E15D-4F25-902D-1A21586CED28}.Release|Any CPU.ActiveCfg = Release|Any CPU
		{33F9C395-E15D-4F25-902D-1A21586CED28}.Release|Any CPU.Build.0 = Release|Any CPU
		{0E27B9DC-E232-4B75-800C-D9BF2238C84E}.Debug|Any CPU.ActiveCfg = Debug|Any CPU
		{0E27B9DC-E232-4B75-800C-D9BF2238C84E}.Debug|Any CPU.Build.0 = Debug|Any CPU
		{0E27B9DC-E232-4B75-800C-D9BF2238C84E}.Release|Any CPU.ActiveCfg = Release|Any CPU
		{0E27B9DC-E232-4B75-800C-D9BF2238C84E}.Release|Any CPU.Build.0 = Release|Any CPU
		{452074E6-078C-49A3-9877-336DE331A1F4}.Debug|Any CPU.ActiveCfg = Debug|Any CPU
		{452074E6-078C-49A3-9877-336DE331A1F4}.Debug|Any CPU.Build.0 = Debug|Any CPU
		{452074E6-078C-49A3-9877-336DE331A1F4}.Release|Any CPU.ActiveCfg = Release|Any CPU
		{452074E6-078C-49A3-9877-336DE331A1F4}.Release|Any CPU.Build.0 = Release|Any CPU
		{FE3FEA06-3436-412B-99D5-9AD489322AB3}.Debug|Any CPU.ActiveCfg = Debug|Any CPU
		{FE3FEA06-3436-412B-99D5-9AD489322AB3}.Debug|Any CPU.Build.0 = Debug|Any CPU
		{FE3FEA06-3436-412B-99D5-9AD489322AB3}.Release|Any CPU.ActiveCfg = Release|Any CPU
		{FE3FEA06-3436-412B-99D5-9AD489322AB3}.Release|Any CPU.Build.0 = Release|Any CPU
		{A7EE8372-4A7D-471B-BF2A-3CC2546C58C1}.Debug|Any CPU.ActiveCfg = Debug|Any CPU
		{A7EE8372-4A7D-471B-BF2A-3CC2546C58C1}.Debug|Any CPU.Build.0 = Debug|Any CPU
		{A7EE8372-4A7D-471B-BF2A-3CC2546C58C1}.Release|Any CPU.ActiveCfg = Release|Any CPU
		{A7EE8372-4A7D-471B-BF2A-3CC2546C58C1}.Release|Any CPU.Build.0 = Release|Any CPU
		{B64CDD2E-E75E-42D3-AD09-B57E77D2FBBC}.Debug|Any CPU.ActiveCfg = Debug|Any CPU
		{B64CDD2E-E75E-42D3-AD09-B57E77D2FBBC}.Debug|Any CPU.Build.0 = Debug|Any CPU
		{B64CDD2E-E75E-42D3-AD09-B57E77D2FBBC}.Release|Any CPU.ActiveCfg = Release|Any CPU
		{B64CDD2E-E75E-42D3-AD09-B57E77D2FBBC}.Release|Any CPU.Build.0 = Release|Any CPU
		{12311830-863E-4E29-BA7A-CFF5FDD9A7AA}.Debug|Any CPU.ActiveCfg = Debug|Any CPU
		{12311830-863E-4E29-BA7A-CFF5FDD9A7AA}.Debug|Any CPU.Build.0 = Debug|Any CPU
		{12311830-863E-4E29-BA7A-CFF5FDD9A7AA}.Release|Any CPU.ActiveCfg = Release|Any CPU
		{12311830-863E-4E29-BA7A-CFF5FDD9A7AA}.Release|Any CPU.Build.0 = Release|Any CPU
		{6657E00F-03D5-491D-A3FE-7F434E8CD7F9}.Debug|Any CPU.ActiveCfg = Debug|Any CPU
		{6657E00F-03D5-491D-A3FE-7F434E8CD7F9}.Debug|Any CPU.Build.0 = Debug|Any CPU
		{6657E00F-03D5-491D-A3FE-7F434E8CD7F9}.Release|Any CPU.ActiveCfg = Release|Any CPU
		{6657E00F-03D5-491D-A3FE-7F434E8CD7F9}.Release|Any CPU.Build.0 = Release|Any CPU
		{6D4A4B01-28C6-4614-8364-2B661215A971}.Debug|Any CPU.ActiveCfg = Debug|Any CPU
		{6D4A4B01-28C6-4614-8364-2B661215A971}.Debug|Any CPU.Build.0 = Debug|Any CPU
		{6D4A4B01-28C6-4614-8364-2B661215A971}.Release|Any CPU.ActiveCfg = Release|Any CPU
		{6D4A4B01-28C6-4614-8364-2B661215A971}.Release|Any CPU.Build.0 = Release|Any CPU
		{F65E2476-90AA-4FF9-83AF-2CBEDBEA7139}.Debug|Any CPU.ActiveCfg = Debug|Any CPU
		{F65E2476-90AA-4FF9-83AF-2CBEDBEA7139}.Debug|Any CPU.Build.0 = Debug|Any CPU
		{F65E2476-90AA-4FF9-83AF-2CBEDBEA7139}.Release|Any CPU.ActiveCfg = Release|Any CPU
		{F65E2476-90AA-4FF9-83AF-2CBEDBEA7139}.Release|Any CPU.Build.0 = Release|Any CPU
		{557FAEE5-F03C-432F-9397-7A5D72984CF6}.Debug|Any CPU.ActiveCfg = Debug|Any CPU
		{557FAEE5-F03C-432F-9397-7A5D72984CF6}.Debug|Any CPU.Build.0 = Debug|Any CPU
		{557FAEE5-F03C-432F-9397-7A5D72984CF6}.Release|Any CPU.ActiveCfg = Release|Any CPU
		{557FAEE5-F03C-432F-9397-7A5D72984CF6}.Release|Any CPU.Build.0 = Release|Any CPU
		{0FE5773C-1D26-4628-BACF-A88A8F81F595}.Debug|Any CPU.ActiveCfg = Debug|Any CPU
		{0FE5773C-1D26-4628-BACF-A88A8F81F595}.Debug|Any CPU.Build.0 = Debug|Any CPU
		{0FE5773C-1D26-4628-BACF-A88A8F81F595}.Release|Any CPU.ActiveCfg = Release|Any CPU
		{0FE5773C-1D26-4628-BACF-A88A8F81F595}.Release|Any CPU.Build.0 = Release|Any CPU
	EndGlobalSection
	GlobalSection(SolutionProperties) = preSolution
		HideSolutionNode = FALSE
	EndGlobalSection
	GlobalSection(ExtensibilityGlobals) = postSolution
		SolutionGuid = {69EC09EF-8C68-4D1A-A697-F1CC0974B687}
	EndGlobalSection
EndGlobal
